
Microsoft Visual Studio Solution File, Format Version 12.00
# Visual Studio Version 16
VisualStudioVersion = 16.0.31729.503
MinimumVisualStudioVersion = 10.0.40219.1
Project("{FAE04EC0-301F-11D3-BF4B-00C04F79EFBC}") = "FilmDB", "FilmDB\FilmDB.csproj", "{78166CFF-BABE-4967-AC5D-5DBCBCEF89F3}"
EndProject
Global
	GlobalSection(SolutionConfigurationPlatforms) = preSolution
		Debug|Any CPU = Debug|Any CPU
		Release|Any CPU = Release|Any CPU
	EndGlobalSection
	GlobalSection(ProjectConfigurationPlatforms) = postSolution
		{78166CFF-BABE-4967-AC5D-5DBCBCEF89F3}.Debug|Any CPU.ActiveCfg = Debug|Any CPU
		{78166CFF-BABE-4967-AC5D-5DBCBCEF89F3}.Debug|Any CPU.Build.0 = Debug|Any CPU
		{78166CFF-BABE-4967-AC5D-5DBCBCEF89F3}.Release|Any CPU.ActiveCfg = Release|Any CPU
		{78166CFF-BABE-4967-AC5D-5DBCBCEF89F3}.Release|Any CPU.Build.0 = Release|Any CPU
	EndGlobalSection
	GlobalSection(SolutionProperties) = preSolution
		HideSolutionNode = FALSE
	EndGlobalSection
	GlobalSection(ExtensibilityGlobals) = postSolution
		SolutionGuid = {00CDD924-AA29-4AE4-BDAE-150777533426}
	EndGlobalSection
EndGlobal
